
Microsoft Visual Studio Solution File, Format Version 12.00
# Visual Studio Version 16
VisualStudioVersion = 16.0.31005.135
MinimumVisualStudioVersion = 10.0.40219.1
Project("{FAE04EC0-301F-11D3-BF4B-00C04F79EFBC}") = "DriverLogProject", "DriverLogProject.csproj", "{9CE9F572-3350-4D84-BC5D-D049971D50B7}"
EndProject
Project("{FAE04EC0-301F-11D3-BF4B-00C04F79EFBC}") = "DriverLogProjectTests", "..\DriverLogProjectTests\DriverLogProjectTests.csproj", "{7602AEB0-D3EA-4E24-A7C6-26D4F1E024C9}"
EndProject
Global
	GlobalSection(SolutionConfigurationPlatforms) = preSolution
		Debug|Any CPU = Debug|Any CPU
		Release|Any CPU = Release|Any CPU
	EndGlobalSection
	GlobalSection(ProjectConfigurationPlatforms) = postSolution
		{9CE9F572-3350-4D84-BC5D-D049971D50B7}.Debug|Any CPU.ActiveCfg = Debug|Any CPU
		{9CE9F572-3350-4D84-BC5D-D049971D50B7}.Debug|Any CPU.Build.0 = Debug|Any CPU
		{9CE9F572-3350-4D84-BC5D-D049971D50B7}.Release|Any CPU.ActiveCfg = Release|Any CPU
		{9CE9F572-3350-4D84-BC5D-D049971D50B7}.Release|Any CPU.Build.0 = Release|Any CPU
		{7602AEB0-D3EA-4E24-A7C6-26D4F1E024C9}.Debug|Any CPU.ActiveCfg = Debug|Any CPU
		{7602AEB0-D3EA-4E24-A7C6-26D4F1E024C9}.Debug|Any CPU.Build.0 = Debug|Any CPU
		{7602AEB0-D3EA-4E24-A7C6-26D4F1E024C9}.Release|Any CPU.ActiveCfg = Release|Any CPU
		{7602AEB0-D3EA-4E24-A7C6-26D4F1E024C9}.Release|Any CPU.Build.0 = Release|Any CPU
	EndGlobalSection
	GlobalSection(SolutionProperties) = preSolution
		HideSolutionNode = FALSE
	EndGlobalSection
	GlobalSection(ExtensibilityGlobals) = postSolution
		SolutionGuid = {AE976545-87CC-438E-9C0C-6642F61C9388}
	EndGlobalSection
EndGlobal
